
Microsoft Visual Studio Solution File, Format Version 12.00
Project("{FAE04EC0-301F-11D3-BF4B-00C04F79EFBC}") = "CachingExample", "CachingExample\CachingExample.csproj", "{F00A20CC-D88A-489C-AC8B-600D31205B6C}"
EndProject
Global
	GlobalSection(SolutionConfigurationPlatforms) = preSolution
		Debug|Any CPU = Debug|Any CPU
		Release|Any CPU = Release|Any CPU
	EndGlobalSection
	GlobalSection(ProjectConfigurationPlatforms) = postSolution
		{F00A20CC-D88A-489C-AC8B-600D31205B6C}.Debug|Any CPU.ActiveCfg = Debug|Any CPU
		{F00A20CC-D88A-489C-AC8B-600D31205B6C}.Debug|Any CPU.Build.0 = Debug|Any CPU
		{F00A20CC-D88A-489C-AC8B-600D31205B6C}.Release|Any CPU.ActiveCfg = Release|Any CPU
		{F00A20CC-D88A-489C-AC8B-600D31205B6C}.Release|Any CPU.Build.0 = Release|Any CPU
	EndGlobalSection
EndGlobal
